
Microsoft Visual Studio Solution File, Format Version 12.00
# Visual Studio Version 17
VisualStudioVersion = 17.0.32112.339
MinimumVisualStudioVersion = 10.0.40219.1
Project("{FAE04EC0-301F-11D3-BF4B-00C04F79EFBC}") = "CSSExternal", "CSSExternal\CSSExternal.csproj", "{F90D2225-AF99-4A2E-9E59-C0669DB7301E}"
EndProject
Global
	GlobalSection(SolutionConfigurationPlatforms) = preSolution
		Debug|Any CPU = Debug|Any CPU
		Release|Any CPU = Release|Any CPU
	EndGlobalSection
	GlobalSection(ProjectConfigurationPlatforms) = postSolution
		{F90D2225-AF99-4A2E-9E59-C0669DB7301E}.Debug|Any CPU.ActiveCfg = Debug|Any CPU
		{F90D2225-AF99-4A2E-9E59-C0669DB7301E}.Debug|Any CPU.Build.0 = Debug|Any CPU
		{F90D2225-AF99-4A2E-9E59-C0669DB7301E}.Release|Any CPU.ActiveCfg = Release|Any CPU
		{F90D2225-AF99-4A2E-9E59-C0669DB7301E}.Release|Any CPU.Build.0 = Release|Any CPU
	EndGlobalSection
	GlobalSection(SolutionProperties) = preSolution
		HideSolutionNode = FALSE
	EndGlobalSection
	GlobalSection(ExtensibilityGlobals) = postSolution
		SolutionGuid = {F75221A6-B849-4F69-BD3C-EEB10FA52B63}
	EndGlobalSection
EndGlobal
